// !$*UTF8*$!
{
	archiveVersion = 1;
	classes = {
	};
	objectVersion = 56;
	objects = {

/* Begin PBXBuildFile section */
		CAFE000000000000000000B1 /* PhotoSimilarFinderApp.swift in Sources */ = {isa = PBXBuildFile; fileRef = CAFE000000000000000000F1 /* PhotoSimilarFinderApp.swift */; };
		CAFE000000000000000000B2 /* ContentView.swift in Sources */ = {isa = PBXBuildFile; fileRef = CAFE000000000000000000F2 /* ContentView.swift */; };
		CAFE000000000000000000B3 /* Models.swift in Sources */ = {isa = PBXBuildFile; fileRef = CAFE000000000000000000F3 /* Models.swift */; };
		CAFE000000000000000000B4 /* AppState.swift in Sources */ = {isa = PBXBuildFile; fileRef = CAFE000000000000000000F4 /* AppState.swift */; };
		CAFE000000000000000000B5 /* GroupGridView.swift in Sources */ = {isa = PBXBuildFile; fileRef = CAFE000000000000000000F5 /* GroupGridView.swift */; };
		CAFE000000000000000000B6 /* PreviewView.swift in Sources */ = {isa = PBXBuildFile; fileRef = CAFE000000000000000000F6 /* PreviewView.swift */; };
		CAFE000000000000000000B7 /* ImageProcessor.swift in Sources */ = {isa = PBXBuildFile; fileRef = CAFE000000000000000000F7 /* ImageProcessor.swift */; };
		CAFE000000000000000000C1 /* QuickLookThumbnailing.framework in Frameworks */ = {isa = PBXBuildFile; fileRef = CAFE000000000000000000E1 /* QuickLookThumbnailing.framework */; };
		CAFE000000000000000000C2 /* Vision.framework in Frameworks */ = {isa = PBXBuildFile; fileRef = CAFE000000000000000000E2 /* Vision.framework */; };
		CAFE000000000000000000C3 /* Metal.framework in Frameworks */ = {isa = PBXBuildFile; fileRef = CAFE000000000000000000E3 /* Metal.framework */; };
		CAFE000000000000000000C4 /* CoreImage.framework in Frameworks */ = {isa = PBXBuildFile; fileRef = CAFE000000000000000000E4 /* CoreImage.framework */; };
/* End PBXBuildFile section */

/* Begin PBXFileReference section */
		CAFE000000000000000000F1 /* PhotoSimilarFinderApp.swift */ = {isa = PBXFileReference; lastKnownFileType = sourcecode.swift; path = PhotoSimilarFinderApp.swift; sourceTree = "<group>"; };
		CAFE000000000000000000F2 /* ContentView.swift */ = {isa = PBXFileReference; lastKnownFileType = sourcecode.swift; path = ContentView.swift; sourceTree = "<group>"; };
		CAFE000000000000000000F3 /* Models.swift */ = {isa = PBXFileReference; lastKnownFileType = sourcecode.swift; path = Models.swift; sourceTree = "<group>"; };
		CAFE000000000000000000F4 /* AppState.swift */ = {isa = PBXFileReference; lastKnownFileType = sourcecode.swift; path = AppState.swift; sourceTree = "<group>"; };
		CAFE000000000000000000F5 /* GroupGridView.swift */ = {isa = PBXFileReference; lastKnownFileType = sourcecode.swift; path = GroupGridView.swift; sourceTree = "<group>"; };
		CAFE000000000000000000F6 /* PreviewView.swift */ = {isa = PBXFileReference; lastKnownFileType = sourcecode.swift; path = PreviewView.swift; sourceTree = "<group>"; };
		CAFE000000000000000000F7 /* ImageProcessor.swift */ = {isa = PBXFileReference; lastKnownFileType = sourcecode.swift; path = ImageProcessor.swift; sourceTree = "<group>"; };
		CAFE000000000000000000F8 /* Info.plist */ = {isa = PBXFileReference; lastKnownFileType = text.plist.xml; path = Info.plist; sourceTree = "<group>"; };
		CAFE000000000000000000A1 /* PhotoSimilarFinder.app */ = {isa = PBXFileReference; explicitFileType = wrapper.application; includeInIndex = 0; path = PhotoSimilarFinder.app; sourceTree = BUILT_PRODUCTS_DIR; };
		CAFE000000000000000000E1 /* QuickLookThumbnailing.framework */ = {isa = PBXFileReference; lastKnownFileType = wrapper.framework; name = QuickLookThumbnailing.framework; path = System/Library/Frameworks/QuickLookThumbnailing.framework; sourceTree = SDKROOT; };
		CAFE000000000000000000E2 /* Vision.framework */ = {isa = PBXFileReference; lastKnownFileType = wrapper.framework; name = Vision.framework; path = System/Library/Frameworks/Vision.framework; sourceTree = SDKROOT; };
		CAFE000000000000000000E3 /* Metal.framework */ = {isa = PBXFileReference; lastKnownFileType = wrapper.framework; name = Metal.framework; path = System/Library/Frameworks/Metal.framework; sourceTree = SDKROOT; };
		CAFE000000000000000000E4 /* CoreImage.framework */ = {isa = PBXFileReference; lastKnownFileType = wrapper.framework; name = CoreImage.framework; path = System/Library/Frameworks/CoreImage.framework; sourceTree = SDKROOT; };
/* End PBXFileReference section */

/* Begin PBXFrameworksBuildPhase section */
		CAFE000000000000000000004 /* Frameworks */ = {
			isa = PBXFrameworksBuildPhase;
			buildActionMask = 2147483647;
			files = (
				CAFE000000000000000000C1 /* QuickLookThumbnailing.framework in Frameworks */,
				CAFE000000000000000000C2 /* Vision.framework in Frameworks */,
				CAFE000000000000000000C3 /* Metal.framework in Frameworks */,
				CAFE000000000000000000C4 /* CoreImage.framework in Frameworks */,
			);
			runOnlyForDeploymentPostprocessing = 0;
		};
/* End PBXFrameworksBuildPhase section */

/* Begin PBXGroup section */
		CAFE000000000000000000006 /* PhotoSimilarFinder */ = {
			isa = PBXGroup;
			children = (
				CAFE000000000000000000007 /* Sources */,
				CAFE00000000000000000010 /* Frameworks */,
				CAFE000000000000000000008 /* Products */,
			);
			sourceTree = "<group>";
		};
		CAFE000000000000000000007 /* Sources */ = {
			isa = PBXGroup;
			children = (
				CAFE000000000000000000F1 /* PhotoSimilarFinderApp.swift */,
				CAFE000000000000000000F2 /* ContentView.swift */,
				CAFE000000000000000000F3 /* Models.swift */,
				CAFE000000000000000000F4 /* AppState.swift */,
				CAFE000000000000000000F5 /* GroupGridView.swift */,
				CAFE000000000000000000F6 /* PreviewView.swift */,
				CAFE000000000000000000F7 /* ImageProcessor.swift */,
				CAFE000000000000000000F8 /* Info.plist */,
			);
			name = PhotoSimilarFinder;
			path = PhotoSimilarFinder;
			sourceTree = "<group>";
		};
		CAFE000000000000000000008 /* Products */ = {
			isa = PBXGroup;
			children = (
				CAFE000000000000000000A1 /* PhotoSimilarFinder.app */,
			);
			name = Products;
			sourceTree = "<group>";
		};
		CAFE00000000000000000010 /* Frameworks */ = {
			isa = PBXGroup;
			children = (
				CAFE000000000000000000E1 /* QuickLookThumbnailing.framework */,
				CAFE000000000000000000E2 /* Vision.framework */,
				CAFE000000000000000000E3 /* Metal.framework */,
				CAFE000000000000000000E4 /* CoreImage.framework */,
			);
			name = Frameworks;
			sourceTree = "<group>";
		};
/* End PBXGroup section */

/* Begin PBXNativeTarget section */
		CAFE000000000000000000002 /* PhotoSimilarFinder */ = {
			isa = PBXNativeTarget;
			buildConfigurationList = CAFE0000000000000000000F /* Build configuration list for PBXNativeTarget "PhotoSimilarFinder" */;
			buildPhases = (
				CAFE000000000000000000003 /* Sources */,
				CAFE000000000000000000004 /* Frameworks */,
				CAFE000000000000000000005 /* Resources */,
			);
			buildRules = (
			);
			dependencies = (
			);
			name = PhotoSimilarFinder;
			productName = PhotoSimilarFinder;
			productReference = CAFE000000000000000000A1 /* PhotoSimilarFinder.app */;
			productType = "com.apple.product-type.application";
		};
/* End PBXNativeTarget section */

/* Begin PBXProject section */
		CAFE000000000000000000001 /* Project object */ = {
			isa = PBXProject;
			attributes = {
				BuildIndependentTargetsInParallel = 1;
				LastSwiftUpdateCheck = 1500;
				LastUpgradeCheck = 1500;
				TargetAttributes = {
					CAFE000000000000000000002 = {
						CreatedOnToolsVersion = 15.0;
					};
				};
			};
			buildConfigurationList = CAFE0000000000000000000E /* Build configuration list for PBXProject "PhotoSimilarFinder" */;
			compatibilityVersion = "Xcode 14.0";
			developmentRegion = en;
			hasScannedForEncodings = 0;
			knownRegions = (
				en,
				Base,
			);
			mainGroup = CAFE000000000000000000006;
			productRefGroup = CAFE000000000000000000008 /* Products */;
			projectDirPath = "";
			projectRoot = "";
			targets = (
				CAFE000000000000000000002 /* PhotoSimilarFinder */,
			);
		};
/* End PBXProject section */

/* Begin PBXResourcesBuildPhase section */
		CAFE000000000000000000005 /* Resources */ = {
			isa = PBXResourcesBuildPhase;
			buildActionMask = 2147483647;
			files = (
			);
			runOnlyForDeploymentPostprocessing = 0;
		};
/* End PBXResourcesBuildPhase section */

/* Begin PBXSourcesBuildPhase section */
		CAFE000000000000000000003 /* Sources */ = {
			isa = PBXSourcesBuildPhase;
			buildActionMask = 2147483647;
			files = (
				CAFE000000000000000000B1 /* PhotoSimilarFinderApp.swift in Sources */,
				CAFE000000000000000000B2 /* ContentView.swift in Sources */,
				CAFE000000000000000000B3 /* Models.swift in Sources */,
				CAFE000000000000000000B4 /* AppState.swift in Sources */,
				CAFE000000000000000000B5 /* GroupGridView.swift in Sources */,
				CAFE000000000000000000B6 /* PreviewView.swift in Sources */,
				CAFE000000000000000000B7 /* ImageProcessor.swift in Sources */,
			);
			runOnlyForDeploymentPostprocessing = 0;
		};
/* End PBXSourcesBuildPhase section */

/* Begin XCBuildConfiguration section */
		CAFE0000000000000000000A /* Debug */ = {
			isa = XCBuildConfiguration;
			buildSettings = {
				ALWAYS_SEARCH_USER_PATHS = NO;
				ASSETCATALOG_COMPILER_GENERATE_SWIFT_ASSET_SYMBOL_EXTENSIONS = YES;
				CLANG_ANALYZER_NONNULL = YES;
				CLANG_ANALYZER_NUMBER_OBJECT_CONVERSION = YES_AGGRESSIVE;
				CLANG_CXX_LANGUAGE_STANDARD = "gnu++20";
				CLANG_ENABLE_MODULES = YES;
				CLANG_ENABLE_OBJC_ARC = YES;
				CLANG_ENABLE_OBJC_WEAK = YES;
				CLANG_WARN_BLOCK_CAPTURE_AUTORELEASING = YES;
				CLANG_WARN_BOOL_CONVERSION = YES;
				CLANG_WARN_COMMA = YES;
				CLANG_WARN_CONSTANT_CONVERSION = YES;
				CLANG_WARN_DEPRECATED_OBJC_IMPLEMENTATIONS = YES;
				CLANG_WARN_DIRECT_OBJC_ISA_USAGE = YES_ERROR;
				CLANG_WARN_DOCUMENTATION_COMMENTS = YES;
				CLANG_WARN_EMPTY_BODY = YES;
				CLANG_WARN_ENUM_CONVERSION = YES;
				CLANG_WARN_INFINITE_RECURSION = YES;
				CLANG_WARN_INT_CONVERSION = YES;
				CLANG_WARN_NON_LITERAL_NULL_CONVERSION = YES;
				CLANG_WARN_OBJC_IMPLICIT_RETAIN_CYCLE = YES;
				CLANG_WARN_OBJC_LITERAL_CONVERSION = YES;
				CLANG_WARN_OBJC_ROOT_CLASS = YES_ERROR;
				CLANG_WARN_QUOTED_INCLUDE_IN_FRAMEWORK_HEADER = YES;
				CLANG_WARN_RANGE_LOOP_ANALYSIS = YES;
				CLANG_WARN_STRICT_PROTOTYPES = YES;
				CLANG_WARN_SUSPICIOUS_MOVE = YES;
				CLANG_WARN_UNGUARDED_AVAILABILITY = YES_AGGRESSIVE;
				CLANG_WARN_UNREACHABLE_CODE = YES;
				CLANG_WARN__DUPLICATE_METHOD_MATCH = YES;
				COPY_PHASE_STRIP = NO;
				DEBUG_INFORMATION_FORMAT = dwarf;
				ENABLE_STRICT_OBJC_MSGSEND = YES;
				ENABLE_TESTABILITY = YES;
				ENABLE_USER_SCRIPT_SANDBOXING = YES;
				GCC_C_LANGUAGE_STANDARD = gnu17;
				GCC_DYNAMIC_NO_PIC = NO;
				GCC_NO_COMMON_BLOCKS = YES;
				GCC_OPTIMIZATION_LEVEL = 0;
				GCC_PREPROCESSOR_DEFINITIONS = (
					"DEBUG=1",
					"$(inherited)",
				);
				GCC_WARN_64_TO_32_BIT_CONVERSION = YES;
				GCC_WARN_ABOUT_RETURN_TYPE = YES_ERROR;
				GCC_WARN_UNDECLARED_SELECTOR = YES;
				GCC_WARN_UNINITIALIZED_AUTOS = YES_AGGRESSIVE;
				GCC_WARN_UNUSED_FUNCTION = YES;
				GCC_WARN_UNUSED_VARIABLE = YES;
				MACOSX_DEPLOYMENT_TARGET = 14.0;
				MTL_ENABLE_DEBUG_INFO = INCLUDE_SOURCE;
				MTL_FAST_MATH = YES;
				ONLY_ACTIVE_ARCH = YES;
				SDKROOT = macosx;
				SWIFT_ACTIVE_COMPILATION_CONDITIONS = "DEBUG $(inherited)";
				SWIFT_OPTIMIZATION_LEVEL = "-Onone";
			};
			name = Debug;
		};
		CAFE0000000000000000000B /* Release */ = {
			isa = XCBuildConfiguration;
			buildSettings = {
				ALWAYS_SEARCH_USER_PATHS = NO;
				ASSETCATALOG_COMPILER_GENERATE_SWIFT_ASSET_SYMBOL_EXTENSIONS = YES;
				CLANG_ANALYZER_NONNULL = YES;
				CLANG_ANALYZER_NUMBER_OBJECT_CONVERSION = YES_AGGRESSIVE;
				CLANG_CXX_LANGUAGE_STANDARD = "gnu++20";
				CLANG_ENABLE_MODULES = YES;
				CLANG_ENABLE_OBJC_ARC = YES;
				CLANG_ENABLE_OBJC_WEAK = YES;
				CLANG_WARN_BLOCK_CAPTURE_AUTORELEASING = YES;
				CLANG_WARN_BOOL_CONVERSION = YES;
				CLANG_WARN_COMMA = YES;
				CLANG_WARN_CONSTANT_CONVERSION = YES;
				CLANG_WARN_DEPRECATED_OBJC_IMPLEMENTATIONS = YES;
				CLANG_WARN_DIRECT_OBJC_ISA_USAGE = YES_ERROR;
				CLANG_WARN_DOCUMENTATION_COMMENTS = YES;
				CLANG_WARN_EMPTY_BODY = YES;
				CLANG_WARN_ENUM_CONVERSION = YES;
				CLANG_WARN_INFINITE_RECURSION = YES;
				CLANG_WARN_INT_CONVERSION = YES;
				CLANG_WARN_NON_LITERAL_NULL_CONVERSION = YES;
				CLANG_WARN_OBJC_IMPLICIT_RETAIN_CYCLE = YES;
				CLANG_WARN_OBJC_LITERAL_CONVERSION = YES;
				CLANG_WARN_OBJC_ROOT_CLASS = YES_ERROR;
				CLANG_WARN_QUOTED_INCLUDE_IN_FRAMEWORK_HEADER = YES;
				CLANG_WARN_RANGE_LOOP_ANALYSIS = YES;
				CLANG_WARN_STRICT_PROTOTYPES = YES;
				CLANG_WARN_SUSPICIOUS_MOVE = YES;
				CLANG_WARN_UNGUARDED_AVAILABILITY = YES_AGGRESSIVE;
				CLANG_WARN_UNREACHABLE_CODE = YES;
				CLANG_WARN__DUPLICATE_METHOD_MATCH = YES;
				COPY_PHASE_STRIP = NO;
				DEBUG_INFORMATION_FORMAT = "dwarf-with-dsym";
				ENABLE_NS_ASSERTIONS = NO;
				ENABLE_STRICT_OBJC_MSGSEND = YES;
				ENABLE_USER_SCRIPT_SANDBOXING = YES;
				GCC_C_LANGUAGE_STANDARD = gnu17;
				GCC_NO_COMMON_BLOCKS = YES;
				GCC_WARN_64_TO_32_BIT_CONVERSION = YES;
				GCC_WARN_ABOUT_RETURN_TYPE = YES_ERROR;
				GCC_WARN_UNDECLARED_SELECTOR = YES;
				GCC_WARN_UNINITIALIZED_AUTOS = YES_AGGRESSIVE;
				GCC_WARN_UNUSED_FUNCTION = YES;
				GCC_WARN_UNUSED_VARIABLE = YES;
				MACOSX_DEPLOYMENT_TARGET = 14.0;
				MTL_ENABLE_DEBUG_INFO = NO;
				MTL_FAST_MATH = YES;
				SDKROOT = macosx;
				SWIFT_COMPILATION_MODE = wholemodule;
				SWIFT_OPTIMIZATION_LEVEL = "-O";
			};
			name = Release;
		};
		CAFE0000000000000000000C /* Debug */ = {
			isa = XCBuildConfiguration;
			buildSettings = {
				ASSETCATALOG_COMPILER_APPICON_NAME = AppIcon;
				ASSETCATALOG_COMPILER_GLOBAL_ACCENT_COLOR_NAME = AccentColor;
				CODE_SIGN_ENTITLEMENTS = PhotoSimilarFinder/PhotoSimilarFinder.entitlements;
				CODE_SIGN_STYLE = Automatic;
				COMBINE_HIDPI_IMAGES = YES;
				CURRENT_PROJECT_VERSION = 1;
				DEVELOPMENT_TEAM = "";
				ENABLE_HARDENED_RUNTIME = YES;
				GENERATE_INFOPLIST_FILE = NO;
				INFOPLIST_FILE = PhotoSimilarFinder/Info.plist;
				LD_RUNPATH_SEARCH_PATHS = (
					"$(inherited)",
					"@executable_path/../Frameworks",
				);
				MACOSX_DEPLOYMENT_TARGET = 14.0;
				MARKETING_VERSION = 1.0;
				PRODUCT_BUNDLE_IDENTIFIER = com.team.PhotoSimilarFinder;
				PRODUCT_NAME = "$(TARGET_NAME)";
				SWIFT_EMIT_LOC_STRINGS = YES;
				SWIFT_VERSION = 5.0;
			};
			name = Debug;
		};
		CAFE0000000000000000000D /* Release */ = {
			isa = XCBuildConfiguration;
			buildSettings = {
				ASSETCATALOG_COMPILER_APPICON_NAME = AppIcon;
				ASSETCATALOG_COMPILER_GLOBAL_ACCENT_COLOR_NAME = AccentColor;
				CODE_SIGN_ENTITLEMENTS = PhotoSimilarFinder/PhotoSimilarFinder.entitlements;
				CODE_SIGN_STYLE = Automatic;
				COMBINE_HIDPI_IMAGES = YES;
				CURRENT_PROJECT_VERSION = 1;
				DEVELOPMENT_TEAM = "";
				ENABLE_HARDENED_RUNTIME = YES;
				GENERATE_INFOPLIST_FILE = NO;
				INFOPLIST_FILE = PhotoSimilarFinder/Info.plist;
				LD_RUNPATH_SEARCH_PATHS = (
					"$(inherited)",
					"@executable_path/../Frameworks",
				);
				MACOSX_DEPLOYMENT_TARGET = 14.0;
				MARKETING_VERSION = 1.0;
				PRODUCT_BUNDLE_IDENTIFIER = com.team.PhotoSimilarFinder;
				PRODUCT_NAME = "$(TARGET_NAME)";
				SWIFT_EMIT_LOC_STRINGS = YES;
				SWIFT_VERSION = 5.0;
			};
			name = Release;
		};
/* End XCBuildConfiguration section */

/* Begin XCConfigurationList section */
		CAFE0000000000000000000E /* Build configuration list for PBXProject "PhotoSimilarFinder" */ = {
			isa = XCConfigurationList;
			buildConfigurations = (
				CAFE0000000000000000000A /* Debug */,
				CAFE0000000000000000000B /* Release */,
			);
			defaultConfigurationIsVisible = 0;
			defaultConfigurationName = Release;
		};
		CAFE0000000000000000000F /* Build configuration list for PBXNativeTarget "PhotoSimilarFinder" */ = {
			isa = XCConfigurationList;
			buildConfigurations = (
				CAFE0000000000000000000C /* Debug */,
				CAFE0000000000000000000D /* Release */,
			);
			defaultConfigurationIsVisible = 0;
			defaultConfigurationName = Release;
		};
/* End XCConfigurationList section */

	};
	rootObject = CAFE000000000000000000001 /* Project object */;
}
